
Microsoft Visual Studio Solution File, Format Version 12.00
# Visual Studio 2013
VisualStudioVersion = 12.0.21005.1
MinimumVisualStudioVersion = 10.0.40219.1
Project("{FAE04EC0-301F-11D3-BF4B-00C04F79EFBC}") = "SMS.MVC.Common", "SMS.MVC.Common\SMS.MVC.Common.csproj", "{62EE0622-C208-43F5-81B5-F4C1DDEA1BBE}"
EndProject
Project("{FAE04EC0-301F-11D3-BF4B-00C04F79EFBC}") = "SMS.MVC.DB", "..\SMS.MVC.DB\SMS.MVC.DB.csproj", "{B197ADA0-50A1-48F6-A838-DD6CDEE39C3A}"
EndProject
Project("{FAE04EC0-301F-11D3-BF4B-00C04F79EFBC}") = "SMS.MVC.Web", "..\SMS.MVC.Web\SMS.MVC.Web.csproj", "{4A9E4D7C-3428-4C7A-B63F-FCC395BE4F6C}"
EndProject
Global
	GlobalSection(SolutionConfigurationPlatforms) = preSolution
		Debug|Any CPU = Debug|Any CPU
		Release|Any CPU = Release|Any CPU
	EndGlobalSection
	GlobalSection(ProjectConfigurationPlatforms) = postSolution
		{62EE0622-C208-43F5-81B5-F4C1DDEA1BBE}.Debug|Any CPU.ActiveCfg = Debug|Any CPU
		{62EE0622-C208-43F5-81B5-F4C1DDEA1BBE}.Debug|Any CPU.Build.0 = Debug|Any CPU
		{62EE0622-C208-43F5-81B5-F4C1DDEA1BBE}.Release|Any CPU.ActiveCfg = Release|Any CPU
		{62EE0622-C208-43F5-81B5-F4C1DDEA1BBE}.Release|Any CPU.Build.0 = Release|Any CPU
		{B197ADA0-50A1-48F6-A838-DD6CDEE39C3A}.Debug|Any CPU.ActiveCfg = Debug|Any CPU
		{B197ADA0-50A1-48F6-A838-DD6CDEE39C3A}.Debug|Any CPU.Build.0 = Debug|Any CPU
		{B197ADA0-50A1-48F6-A838-DD6CDEE39C3A}.Release|Any CPU.ActiveCfg = Release|Any CPU
		{B197ADA0-50A1-48F6-A838-DD6CDEE39C3A}.Release|Any CPU.Build.0 = Release|Any CPU
		{4A9E4D7C-3428-4C7A-B63F-FCC395BE4F6C}.Debug|Any CPU.ActiveCfg = Debug|Any CPU
		{4A9E4D7C-3428-4C7A-B63F-FCC395BE4F6C}.Debug|Any CPU.Build.0 = Debug|Any CPU
		{4A9E4D7C-3428-4C7A-B63F-FCC395BE4F6C}.Release|Any CPU.ActiveCfg = Release|Any CPU
		{4A9E4D7C-3428-4C7A-B63F-FCC395BE4F6C}.Release|Any CPU.Build.0 = Release|Any CPU
	EndGlobalSection
	GlobalSection(SolutionProperties) = preSolution
		HideSolutionNode = FALSE
	EndGlobalSection
EndGlobal
